
Microsoft Visual Studio Solution File, Format Version 12.00
# Visual Studio 15
VisualStudioVersion = 15.0.28307.421
MinimumVisualStudioVersion = 10.0.40219.1
Project("{FAE04EC0-301F-11D3-BF4B-00C04F79EFBC}") = "CustomTabControl", "CustomTabControl\CustomTabControl.csproj", "{E9CF7B2D-7B42-408C-BAF3-DCE1C0BC0F85}"
EndProject
Global
	GlobalSection(SolutionConfigurationPlatforms) = preSolution
		Debug|Any CPU = Debug|Any CPU
		Release|Any CPU = Release|Any CPU
	EndGlobalSection
	GlobalSection(ProjectConfigurationPlatforms) = postSolution
		{E9CF7B2D-7B42-408C-BAF3-DCE1C0BC0F85}.Debug|Any CPU.ActiveCfg = Debug|Any CPU
		{E9CF7B2D-7B42-408C-BAF3-DCE1C0BC0F85}.Debug|Any CPU.Build.0 = Debug|Any CPU
		{E9CF7B2D-7B42-408C-BAF3-DCE1C0BC0F85}.Release|Any CPU.ActiveCfg = Release|Any CPU
		{E9CF7B2D-7B42-408C-BAF3-DCE1C0BC0F85}.Release|Any CPU.Build.0 = Release|Any CPU
	EndGlobalSection
	GlobalSection(SolutionProperties) = preSolution
		HideSolutionNode = FALSE
	EndGlobalSection
	GlobalSection(ExtensibilityGlobals) = postSolution
		SolutionGuid = {B753B6FC-2BAB-4535-AE91-28078780CAC2}
	EndGlobalSection
EndGlobal
